
Microsoft Visual Studio Solution File, Format Version 12.00
# Visual Studio 2013
VisualStudioVersion = 12.0.21005.1
MinimumVisualStudioVersion = 10.0.40219.1
Project("{FAE04EC0-301F-11D3-BF4B-00C04F79EFBC}") = "Opdrachten week 2", "Opdrachten week 2\Opdrachten week 2.csproj", "{CDA36C74-C7FA-4CAE-BC98-D3CC8DFD644F}"
EndProject
Project("{FAE04EC0-301F-11D3-BF4B-00C04F79EFBC}") = "Opdrachten week 1", "Opdrachten week 1\Opdrachten week 1.csproj", "{23CDCEDB-F88A-4E25-B42E-806C178E4062}"
EndProject
Project("{FAE04EC0-301F-11D3-BF4B-00C04F79EFBC}") = "Opdrachten week 3", "Opdrachten week 3\Opdrachten week 3.csproj", "{581B19D7-C807-49B0-978C-528B5186F217}"
EndProject
Global
	GlobalSection(SolutionConfigurationPlatforms) = preSolution
		Debug|Any CPU = Debug|Any CPU
		Release|Any CPU = Release|Any CPU
	EndGlobalSection
	GlobalSection(ProjectConfigurationPlatforms) = postSolution
		{CDA36C74-C7FA-4CAE-BC98-D3CC8DFD644F}.Debug|Any CPU.ActiveCfg = Debug|Any CPU
		{CDA36C74-C7FA-4CAE-BC98-D3CC8DFD644F}.Debug|Any CPU.Build.0 = Debug|Any CPU
		{CDA36C74-C7FA-4CAE-BC98-D3CC8DFD644F}.Release|Any CPU.ActiveCfg = Release|Any CPU
		{CDA36C74-C7FA-4CAE-BC98-D3CC8DFD644F}.Release|Any CPU.Build.0 = Release|Any CPU
		{23CDCEDB-F88A-4E25-B42E-806C178E4062}.Debug|Any CPU.ActiveCfg = Debug|Any CPU
		{23CDCEDB-F88A-4E25-B42E-806C178E4062}.Debug|Any CPU.Build.0 = Debug|Any CPU
		{23CDCEDB-F88A-4E25-B42E-806C178E4062}.Release|Any CPU.ActiveCfg = Release|Any CPU
		{23CDCEDB-F88A-4E25-B42E-806C178E4062}.Release|Any CPU.Build.0 = Release|Any CPU
		{581B19D7-C807-49B0-978C-528B5186F217}.Debug|Any CPU.ActiveCfg = Debug|Any CPU
		{581B19D7-C807-49B0-978C-528B5186F217}.Debug|Any CPU.Build.0 = Debug|Any CPU
		{581B19D7-C807-49B0-978C-528B5186F217}.Release|Any CPU.ActiveCfg = Release|Any CPU
		{581B19D7-C807-49B0-978C-528B5186F217}.Release|Any CPU.Build.0 = Release|Any CPU
	EndGlobalSection
	GlobalSection(SolutionProperties) = preSolution
		HideSolutionNode = FALSE
	EndGlobalSection
EndGlobal
